
Microsoft Visual Studio Solution File, Format Version 11.00
# Visual Studio 2010
Project("{FAE04EC0-301F-11D3-BF4B-00C04F79EFBC}") = "highschool", "highschool\highschool.csproj", "{9839F1CE-F29C-4F6B-AE1D-EE04CCD2D839}"
EndProject
Project("{54435603-DBB4-11D2-8724-00A0C9A8B90C}") = "FinalHighSchoolSetup", "FinalHighSchoolSetup\FinalHighSchoolSetup.vdproj", "{3705548E-536C-4B74-961F-26919596D927}"
EndProject
Global
	GlobalSection(SolutionConfigurationPlatforms) = preSolution
		Debug|x86 = Debug|x86
		Release|x86 = Release|x86
	EndGlobalSection
	GlobalSection(ProjectConfigurationPlatforms) = postSolution
		{9839F1CE-F29C-4F6B-AE1D-EE04CCD2D839}.Debug|x86.ActiveCfg = Debug|x86
		{9839F1CE-F29C-4F6B-AE1D-EE04CCD2D839}.Debug|x86.Build.0 = Debug|x86
		{9839F1CE-F29C-4F6B-AE1D-EE04CCD2D839}.Release|x86.ActiveCfg = Release|x86
		{9839F1CE-F29C-4F6B-AE1D-EE04CCD2D839}.Release|x86.Build.0 = Release|x86
		{3705548E-536C-4B74-961F-26919596D927}.Debug|x86.ActiveCfg = Debug
		{3705548E-536C-4B74-961F-26919596D927}.Release|x86.ActiveCfg = Release
	EndGlobalSection
	GlobalSection(SolutionProperties) = preSolution
		HideSolutionNode = FALSE
	EndGlobalSection
EndGlobal
